// !$*UTF8*$!
{
	archiveVersion = 1;
	classes = {
	};
	objectVersion = 46;
	objects = {

/* Begin PBXBuildFile section */
		C9A9CE6E1C152013001BDC50 /* main.m in Sources */ = {isa = PBXBuildFile; fileRef = C9A9CE6D1C152013001BDC50 /* main.m */; };
		C9A9CE711C152013001BDC50 /* AppDelegate.m in Sources */ = {isa = PBXBuildFile; fileRef = C9A9CE701C152013001BDC50 /* AppDelegate.m */; };
		C9A9CE791C152013001BDC50 /* Assets.xcassets in Resources */ = {isa = PBXBuildFile; fileRef = C9A9CE781C152013001BDC50 /* Assets.xcassets */; };
		C9A9CE881C152094001BDC50 /* YYSlideViewCell.m in Sources */ = {isa = PBXBuildFile; fileRef = C9A9CE871C152094001BDC50 /* YYSlideViewCell.m */; };
		C9A9CEA71C15641A001BDC50 /* YYSliderViewLayout.m in Sources */ = {isa = PBXBuildFile; fileRef = C9A9CEA61C15641A001BDC50 /* YYSliderViewLayout.m */; };
		C9A9CEAA1C1589E5001BDC50 /* YYMainViewController.m in Sources */ = {isa = PBXBuildFile; fileRef = C9A9CEA91C1589E5001BDC50 /* YYMainViewController.m */; };
		C9CF19721C1676A800AF4E28 /* test.jpg in Resources */ = {isa = PBXBuildFile; fileRef = C9CF19711C1676A800AF4E28 /* test.jpg */; };
/* End PBXBuildFile section */

/* Begin PBXFileReference section */
		C9A9CE691C152012001BDC50 /* YYSliderViewDemo.app */ = {isa = PBXFileReference; explicitFileType = wrapper.application; includeInIndex = 0; path = YYSliderViewDemo.app; sourceTree = BUILT_PRODUCTS_DIR; };
		C9A9CE6D1C152013001BDC50 /* main.m */ = {isa = PBXFileReference; lastKnownFileType = sourcecode.c.objc; path = main.m; sourceTree = "<group>"; };
		C9A9CE6F1C152013001BDC50 /* AppDelegate.h */ = {isa = PBXFileReference; lastKnownFileType = sourcecode.c.h; path = AppDelegate.h; sourceTree = "<group>"; };
		C9A9CE701C152013001BDC50 /* AppDelegate.m */ = {isa = PBXFileReference; lastKnownFileType = sourcecode.c.objc; path = AppDelegate.m; sourceTree = "<group>"; };
		C9A9CE781C152013001BDC50 /* Assets.xcassets */ = {isa = PBXFileReference; lastKnownFileType = folder.assetcatalog; path = Assets.xcassets; sourceTree = "<group>"; };
		C9A9CE7D1C152013001BDC50 /* Info.plist */ = {isa = PBXFileReference; lastKnownFileType = text.plist.xml; path = Info.plist; sourceTree = "<group>"; };
		C9A9CE861C152094001BDC50 /* YYSlideViewCell.h */ = {isa = PBXFileReference; fileEncoding = 4; lastKnownFileType = sourcecode.c.h; path = YYSlideViewCell.h; sourceTree = "<group>"; };
		C9A9CE871C152094001BDC50 /* YYSlideViewCell.m */ = {isa = PBXFileReference; fileEncoding = 4; lastKnownFileType = sourcecode.c.objc; path = YYSlideViewCell.m; sourceTree = "<group>"; };
		C9A9CEA41C1525DD001BDC50 /* Macro.h */ = {isa = PBXFileReference; lastKnownFileType = sourcecode.c.h; path = Macro.h; sourceTree = "<group>"; };
		C9A9CEA51C15641A001BDC50 /* YYSliderViewLayout.h */ = {isa = PBXFileReference; fileEncoding = 4; lastKnownFileType = sourcecode.c.h; path = YYSliderViewLayout.h; sourceTree = "<group>"; };
		C9A9CEA61C15641A001BDC50 /* YYSliderViewLayout.m */ = {isa = PBXFileReference; fileEncoding = 4; lastKnownFileType = sourcecode.c.objc; path = YYSliderViewLayout.m; sourceTree = "<group>"; };
		C9A9CEA81C1589E5001BDC50 /* YYMainViewController.h */ = {isa = PBXFileReference; fileEncoding = 4; lastKnownFileType = sourcecode.c.h; path = YYMainViewController.h; sourceTree = "<group>"; };
		C9A9CEA91C1589E5001BDC50 /* YYMainViewController.m */ = {isa = PBXFileReference; fileEncoding = 4; lastKnownFileType = sourcecode.c.objc; path = YYMainViewController.m; sourceTree = "<group>"; };
		C9CF19711C1676A800AF4E28 /* test.jpg */ = {isa = PBXFileReference; lastKnownFileType = image.jpeg; path = test.jpg; sourceTree = "<group>"; };
/* End PBXFileReference section */

/* Begin PBXFrameworksBuildPhase section */
		C9A9CE661C152012001BDC50 /* Frameworks */ = {
			isa = PBXFrameworksBuildPhase;
			buildActionMask = 2147483647;
			files = (
			);
			runOnlyForDeploymentPostprocessing = 0;
		};
/* End PBXFrameworksBuildPhase section */

/* Begin PBXGroup section */
		C9A9CE601C152012001BDC50 = {
			isa = PBXGroup;
			children = (
				C9A9CE6B1C152012001BDC50 /* YYSliderViewDemo */,
				C9A9CE6A1C152012001BDC50 /* Products */,
			);
			sourceTree = "<group>";
		};
		C9A9CE6A1C152012001BDC50 /* Products */ = {
			isa = PBXGroup;
			children = (
				C9A9CE691C152012001BDC50 /* YYSliderViewDemo.app */,
			);
			name = Products;
			sourceTree = "<group>";
		};
		C9A9CE6B1C152012001BDC50 /* YYSliderViewDemo */ = {
			isa = PBXGroup;
			children = (
				C9CF19711C1676A800AF4E28 /* test.jpg */,
				C9A9CE831C152062001BDC50 /* YYController */,
				C9A9CE841C152062001BDC50 /* YYMode */,
				C9A9CE851C152062001BDC50 /* YYView */,
				C9A9CE6C1C152013001BDC50 /* Supporting Files */,
			);
			path = YYSliderViewDemo;
			sourceTree = "<group>";
		};
		C9A9CE6C1C152013001BDC50 /* Supporting Files */ = {
			isa = PBXGroup;
			children = (
				C9A9CEA41C1525DD001BDC50 /* Macro.h */,
				C9A9CE6F1C152013001BDC50 /* AppDelegate.h */,
				C9A9CE701C152013001BDC50 /* AppDelegate.m */,
				C9A9CE781C152013001BDC50 /* Assets.xcassets */,
				C9A9CE7D1C152013001BDC50 /* Info.plist */,
				C9A9CE6D1C152013001BDC50 /* main.m */,
			);
			name = "Supporting Files";
			sourceTree = "<group>";
		};
		C9A9CE831C152062001BDC50 /* YYController */ = {
			isa = PBXGroup;
			children = (
				C9A9CEA81C1589E5001BDC50 /* YYMainViewController.h */,
				C9A9CEA91C1589E5001BDC50 /* YYMainViewController.m */,
			);
			path = YYController;
			sourceTree = "<group>";
		};
		C9A9CE841C152062001BDC50 /* YYMode */ = {
			isa = PBXGroup;
			children = (
			);
			path = YYMode;
			sourceTree = "<group>";
		};
		C9A9CE851C152062001BDC50 /* YYView */ = {
			isa = PBXGroup;
			children = (
				C9A9CE861C152094001BDC50 /* YYSlideViewCell.h */,
				C9A9CE871C152094001BDC50 /* YYSlideViewCell.m */,
				C9A9CEA51C15641A001BDC50 /* YYSliderViewLayout.h */,
				C9A9CEA61C15641A001BDC50 /* YYSliderViewLayout.m */,
			);
			path = YYView;
			sourceTree = "<group>";
		};
/* End PBXGroup section */

/* Begin PBXNativeTarget section */
		C9A9CE681C152012001BDC50 /* YYSliderViewDemo */ = {
			isa = PBXNativeTarget;
			buildConfigurationList = C9A9CE801C152013001BDC50 /* Build configuration list for PBXNativeTarget "YYSliderViewDemo" */;
			buildPhases = (
				C9A9CE651C152012001BDC50 /* Sources */,
				C9A9CE661C152012001BDC50 /* Frameworks */,
				C9A9CE671C152012001BDC50 /* Resources */,
			);
			buildRules = (
			);
			dependencies = (
			);
			name = YYSliderViewDemo;
			productName = YYSliderViewDemo;
			productReference = C9A9CE691C152012001BDC50 /* YYSliderViewDemo.app */;
			productType = "com.apple.product-type.application";
		};
/* End PBXNativeTarget section */

/* Begin PBXProject section */
		C9A9CE611C152012001BDC50 /* Project object */ = {
			isa = PBXProject;
			attributes = {
				LastUpgradeCheck = 0710;
				ORGANIZATIONNAME = L;
				TargetAttributes = {
					C9A9CE681C152012001BDC50 = {
						CreatedOnToolsVersion = 7.1;
					};
				};
			};
			buildConfigurationList = C9A9CE641C152012001BDC50 /* Build configuration list for PBXProject "YYSliderViewDemo" */;
			compatibilityVersion = "Xcode 3.2";
			developmentRegion = English;
			hasScannedForEncodings = 0;
			knownRegions = (
				en,
				Base,
			);
			mainGroup = C9A9CE601C152012001BDC50;
			productRefGroup = C9A9CE6A1C152012001BDC50 /* Products */;
			projectDirPath = "";
			projectRoot = "";
			targets = (
				C9A9CE681C152012001BDC50 /* YYSliderViewDemo */,
			);
		};
/* End PBXProject section */

/* Begin PBXResourcesBuildPhase section */
		C9A9CE671C152012001BDC50 /* Resources */ = {
			isa = PBXResourcesBuildPhase;
			buildActionMask = 2147483647;
			files = (
				C9A9CE791C152013001BDC50 /* Assets.xcassets in Resources */,
				C9CF19721C1676A800AF4E28 /* test.jpg in Resources */,
			);
			runOnlyForDeploymentPostprocessing = 0;
		};
/* End PBXResourcesBuildPhase section */

/* Begin PBXSourcesBuildPhase section */
		C9A9CE651C152012001BDC50 /* Sources */ = {
			isa = PBXSourcesBuildPhase;
			buildActionMask = 2147483647;
			files = (
				C9A9CEAA1C1589E5001BDC50 /* YYMainViewController.m in Sources */,
				C9A9CEA71C15641A001BDC50 /* YYSliderViewLayout.m in Sources */,
				C9A9CE711C152013001BDC50 /* AppDelegate.m in Sources */,
				C9A9CE881C152094001BDC50 /* YYSlideViewCell.m in Sources */,
				C9A9CE6E1C152013001BDC50 /* main.m in Sources */,
			);
			runOnlyForDeploymentPostprocessing = 0;
		};
/* End PBXSourcesBuildPhase section */

/* Begin XCBuildConfiguration section */
		C9A9CE7E1C152013001BDC50 /* Debug */ = {
			isa = XCBuildConfiguration;
			buildSettings = {
				ALWAYS_SEARCH_USER_PATHS = NO;
				CLANG_CXX_LANGUAGE_STANDARD = "gnu++0x";
				CLANG_CXX_LIBRARY = "libc++";
				CLANG_ENABLE_MODULES = YES;
				CLANG_ENABLE_OBJC_ARC = YES;
				CLANG_WARN_BOOL_CONVERSION = YES;
				CLANG_WARN_CONSTANT_CONVERSION = YES;
				CLANG_WARN_DIRECT_OBJC_ISA_USAGE = YES_ERROR;
				CLANG_WARN_EMPTY_BODY = YES;
				CLANG_WARN_ENUM_CONVERSION = YES;
				CLANG_WARN_INT_CONVERSION = YES;
				CLANG_WARN_OBJC_ROOT_CLASS = YES_ERROR;
				CLANG_WARN_UNREACHABLE_CODE = YES;
				CLANG_WARN__DUPLICATE_METHOD_MATCH = YES;
				"CODE_SIGN_IDENTITY[sdk=iphoneos*]" = "iPhone Developer";
				COPY_PHASE_STRIP = NO;
				DEBUG_INFORMATION_FORMAT = dwarf;
				ENABLE_STRICT_OBJC_MSGSEND = YES;
				ENABLE_TESTABILITY = YES;
				GCC_C_LANGUAGE_STANDARD = gnu99;
				GCC_DYNAMIC_NO_PIC = NO;
				GCC_NO_COMMON_BLOCKS = YES;
				GCC_OPTIMIZATION_LEVEL = 0;
				GCC_PREPROCESSOR_DEFINITIONS = (
					"DEBUG=1",
					"$(inherited)",
				);
				GCC_WARN_64_TO_32_BIT_CONVERSION = YES;
				GCC_WARN_ABOUT_RETURN_TYPE = YES_ERROR;
				GCC_WARN_UNDECLARED_SELECTOR = YES;
				GCC_WARN_UNINITIALIZED_AUTOS = YES_AGGRESSIVE;
				GCC_WARN_UNUSED_FUNCTION = YES;
				GCC_WARN_UNUSED_VARIABLE = YES;
				IPHONEOS_DEPLOYMENT_TARGET = 9.1;
				MTL_ENABLE_DEBUG_INFO = YES;
				ONLY_ACTIVE_ARCH = YES;
				SDKROOT = iphoneos;
			};
			name = Debug;
		};
		C9A9CE7F1C152013001BDC50 /* Release */ = {
			isa = XCBuildConfiguration;
			buildSettings = {
				ALWAYS_SEARCH_USER_PATHS = NO;
				CLANG_CXX_LANGUAGE_STANDARD = "gnu++0x";
				CLANG_CXX_LIBRARY = "libc++";
				CLANG_ENABLE_MODULES = YES;
				CLANG_ENABLE_OBJC_ARC = YES;
				CLANG_WARN_BOOL_CONVERSION = YES;
				CLANG_WARN_CONSTANT_CONVERSION = YES;
				CLANG_WARN_DIRECT_OBJC_ISA_USAGE = YES_ERROR;
				CLANG_WARN_EMPTY_BODY = YES;
				CLANG_WARN_ENUM_CONVERSION = YES;
				CLANG_WARN_INT_CONVERSION = YES;
				CLANG_WARN_OBJC_ROOT_CLASS = YES_ERROR;
				CLANG_WARN_UNREACHABLE_CODE = YES;
				CLANG_WARN__DUPLICATE_METHOD_MATCH = YES;
				"CODE_SIGN_IDENTITY[sdk=iphoneos*]" = "iPhone Developer";
				COPY_PHASE_STRIP = NO;
				DEBUG_INFORMATION_FORMAT = "dwarf-with-dsym";
				ENABLE_NS_ASSERTIONS = NO;
				ENABLE_STRICT_OBJC_MSGSEND = YES;
				GCC_C_LANGUAGE_STANDARD = gnu99;
				GCC_NO_COMMON_BLOCKS = YES;
				GCC_WARN_64_TO_32_BIT_CONVERSION = YES;
				GCC_WARN_ABOUT_RETURN_TYPE = YES_ERROR;
				GCC_WARN_UNDECLARED_SELECTOR = YES;
				GCC_WARN_UNINITIALIZED_AUTOS = YES_AGGRESSIVE;
				GCC_WARN_UNUSED_FUNCTION = YES;
				GCC_WARN_UNUSED_VARIABLE = YES;
				IPHONEOS_DEPLOYMENT_TARGET = 9.1;
				MTL_ENABLE_DEBUG_INFO = NO;
				SDKROOT = iphoneos;
				VALIDATE_PRODUCT = YES;
			};
			name = Release;
		};
		C9A9CE811C152013001BDC50 /* Debug */ = {
			isa = XCBuildConfiguration;
			buildSettings = {
				ASSETCATALOG_COMPILER_APPICON_NAME = AppIcon;
				INFOPLIST_FILE = YYSliderViewDemo/Info.plist;
				IPHONEOS_DEPLOYMENT_TARGET = 7.1;
				LD_RUNPATH_SEARCH_PATHS = "$(inherited) @executable_path/Frameworks";
				PRODUCT_BUNDLE_IDENTIFIER = com.test.YYSliderViewDemo;
				PRODUCT_NAME = "$(TARGET_NAME)";
			};
			name = Debug;
		};
		C9A9CE821C152013001BDC50 /* Release */ = {
			isa = XCBuildConfiguration;
			buildSettings = {
				ASSETCATALOG_COMPILER_APPICON_NAME = AppIcon;
				INFOPLIST_FILE = YYSliderViewDemo/Info.plist;
				IPHONEOS_DEPLOYMENT_TARGET = 7.1;
				LD_RUNPATH_SEARCH_PATHS = "$(inherited) @executable_path/Frameworks";
				PRODUCT_BUNDLE_IDENTIFIER = com.test.YYSliderViewDemo;
				PRODUCT_NAME = "$(TARGET_NAME)";
			};
			name = Release;
		};
/* End XCBuildConfiguration section */

/* Begin XCConfigurationList section */
		C9A9CE641C152012001BDC50 /* Build configuration list for PBXProject "YYSliderViewDemo" */ = {
			isa = XCConfigurationList;
			buildConfigurations = (
				C9A9CE7E1C152013001BDC50 /* Debug */,
				C9A9CE7F1C152013001BDC50 /* Release */,
			);
			defaultConfigurationIsVisible = 0;
			defaultConfigurationName = Release;
		};
		C9A9CE801C152013001BDC50 /* Build configuration list for PBXNativeTarget "YYSliderViewDemo" */ = {
			isa = XCConfigurationList;
			buildConfigurations = (
				C9A9CE811C152013001BDC50 /* Debug */,
				C9A9CE821C152013001BDC50 /* Release */,
			);
			defaultConfigurationIsVisible = 0;
			defaultConfigurationName = Release;
		};
/* End XCConfigurationList section */
	};
	rootObject = C9A9CE611C152012001BDC50 /* Project object */;
}
